
Microsoft Visual Studio Solution File, Format Version 12.00
# Visual Studio Version 16
VisualStudioVersion = 16.6.30114.105
MinimumVisualStudioVersion = 10.0.40219.1
Project("{FAE04EC0-301F-11D3-BF4B-00C04F79EFBC}") = "BaltaStore.Api", "BaltaStore.Api\BaltaStore.Api.csproj", "{4267112B-C4B4-4073-8BA3-29870006C988}"
EndProject
Project("{FAE04EC0-301F-11D3-BF4B-00C04F79EFBC}") = "BaltaStore.Domain", "BaltaStore.Domain\BaltaStore.Domain.csproj", "{9A386B4C-1F01-4CD6-AC03-80D1BDED67EE}"
EndProject
Project("{FAE04EC0-301F-11D3-BF4B-00C04F79EFBC}") = "BaltaStore.Infra", "BaltaStore.Infra\BaltaStore.Infra.csproj", "{1376DD00-C586-420C-9426-9524786AD43E}"
EndProject
Project("{FAE04EC0-301F-11D3-BF4B-00C04F79EFBC}") = "BaltaStore.Shared", "BaltaStore.Shared\BaltaStore.Shared.csproj", "{EF91C79D-4350-4659-85AC-EDFF67F7F2B8}"
EndProject
Project("{FAE04EC0-301F-11D3-BF4B-00C04F79EFBC}") = "BaltaStore.Tests", "BaltaStore.Tests\BaltaStore.Tests.csproj", "{B3EA4380-BCF3-4ECF-9D4F-9959326F299B}"
EndProject
Global
	GlobalSection(SolutionConfigurationPlatforms) = preSolution
		Debug|Any CPU = Debug|Any CPU
		Debug|x64 = Debug|x64
		Debug|x86 = Debug|x86
		Release|Any CPU = Release|Any CPU
		Release|x64 = Release|x64
		Release|x86 = Release|x86
	EndGlobalSection
	GlobalSection(SolutionProperties) = preSolution
		HideSolutionNode = FALSE
	EndGlobalSection
	GlobalSection(ProjectConfigurationPlatforms) = postSolution
		{4267112B-C4B4-4073-8BA3-29870006C988}.Debug|Any CPU.ActiveCfg = Debug|Any CPU
		{4267112B-C4B4-4073-8BA3-29870006C988}.Debug|Any CPU.Build.0 = Debug|Any CPU
		{4267112B-C4B4-4073-8BA3-29870006C988}.Debug|x64.ActiveCfg = Debug|Any CPU
		{4267112B-C4B4-4073-8BA3-29870006C988}.Debug|x64.Build.0 = Debug|Any CPU
		{4267112B-C4B4-4073-8BA3-29870006C988}.Debug|x86.ActiveCfg = Debug|Any CPU
		{4267112B-C4B4-4073-8BA3-29870006C988}.Debug|x86.Build.0 = Debug|Any CPU
		{4267112B-C4B4-4073-8BA3-29870006C988}.Release|Any CPU.ActiveCfg = Release|Any CPU
		{4267112B-C4B4-4073-8BA3-29870006C988}.Release|Any CPU.Build.0 = Release|Any CPU
		{4267112B-C4B4-4073-8BA3-29870006C988}.Release|x64.ActiveCfg = Release|Any CPU
		{4267112B-C4B4-4073-8BA3-29870006C988}.Release|x64.Build.0 = Release|Any CPU
		{4267112B-C4B4-4073-8BA3-29870006C988}.Release|x86.ActiveCfg = Release|Any CPU
		{4267112B-C4B4-4073-8BA3-29870006C988}.Release|x86.Build.0 = Release|Any CPU
		{9A386B4C-1F01-4CD6-AC03-80D1BDED67EE}.Debug|Any CPU.ActiveCfg = Debug|Any CPU
		{9A386B4C-1F01-4CD6-AC03-80D1BDED67EE}.Debug|Any CPU.Build.0 = Debug|Any CPU
		{9A386B4C-1F01-4CD6-AC03-80D1BDED67EE}.Debug|x64.ActiveCfg = Debug|Any CPU
		{9A386B4C-1F01-4CD6-AC03-80D1BDED67EE}.Debug|x64.Build.0 = Debug|Any CPU
		{9A386B4C-1F01-4CD6-AC03-80D1BDED67EE}.Debug|x86.ActiveCfg = Debug|Any CPU
		{9A386B4C-1F01-4CD6-AC03-80D1BDED67EE}.Debug|x86.Build.0 = Debug|Any CPU
		{9A386B4C-1F01-4CD6-AC03-80D1BDED67EE}.Release|Any CPU.ActiveCfg = Release|Any CPU
		{9A386B4C-1F01-4CD6-AC03-80D1BDED67EE}.Release|Any CPU.Build.0 = Release|Any CPU
		{9A386B4C-1F01-4CD6-AC03-80D1BDED67EE}.Release|x64.ActiveCfg = Release|Any CPU
		{9A386B4C-1F01-4CD6-AC03-80D1BDED67EE}.Release|x64.Build.0 = Release|Any CPU
		{9A386B4C-1F01-4CD6-AC03-80D1BDED67EE}.Release|x86.ActiveCfg = Release|Any CPU
		{9A386B4C-1F01-4CD6-AC03-80D1BDED67EE}.Release|x86.Build.0 = Release|Any CPU
		{1376DD00-C586-420C-9426-9524786AD43E}.Debug|Any CPU.ActiveCfg = Debug|Any CPU
		{1376DD00-C586-420C-9426-9524786AD43E}.Debug|Any CPU.Build.0 = Debug|Any CPU
		{1376DD00-C586-420C-9426-9524786AD43E}.Debug|x64.ActiveCfg = Debug|Any CPU
		{1376DD00-C586-420C-9426-9524786AD43E}.Debug|x64.Build.0 = Debug|Any CPU
		{1376DD00-C586-420C-9426-9524786AD43E}.Debug|x86.ActiveCfg = Debug|Any CPU
		{1376DD00-C586-420C-9426-9524786AD43E}.Debug|x86.Build.0 = Debug|Any CPU
		{1376DD00-C586-420C-9426-9524786AD43E}.Release|Any CPU.ActiveCfg = Release|Any CPU
		{1376DD00-C586-420C-9426-9524786AD43E}.Release|Any CPU.Build.0 = Release|Any CPU
		{1376DD00-C586-420C-9426-9524786AD43E}.Release|x64.ActiveCfg = Release|Any CPU
		{1376DD00-C586-420C-9426-9524786AD43E}.Release|x64.Build.0 = Release|Any CPU
		{1376DD00-C586-420C-9426-9524786AD43E}.Release|x86.ActiveCfg = Release|Any CPU
		{1376DD00-C586-420C-9426-9524786AD43E}.Release|x86.Build.0 = Release|Any CPU
		{EF91C79D-4350-4659-85AC-EDFF67F7F2B8}.Debug|Any CPU.ActiveCfg = Debug|Any CPU
		{EF91C79D-4350-4659-85AC-EDFF67F7F2B8}.Debug|Any CPU.Build.0 = Debug|Any CPU
		{EF91C79D-4350-4659-85AC-EDFF67F7F2B8}.Debug|x64.ActiveCfg = Debug|Any CPU
		{EF91C79D-4350-4659-85AC-EDFF67F7F2B8}.Debug|x64.Build.0 = Debug|Any CPU
		{EF91C79D-4350-4659-85AC-EDFF67F7F2B8}.Debug|x86.ActiveCfg = Debug|Any CPU
		{EF91C79D-4350-4659-85AC-EDFF67F7F2B8}.Debug|x86.Build.0 = Debug|Any CPU
		{EF91C79D-4350-4659-85AC-EDFF67F7F2B8}.Release|Any CPU.ActiveCfg = Release|Any CPU
		{EF91C79D-4350-4659-85AC-EDFF67F7F2B8}.Release|Any CPU.Build.0 = Release|Any CPU
		{EF91C79D-4350-4659-85AC-EDFF67F7F2B8}.Release|x64.ActiveCfg = Release|Any CPU
		{EF91C79D-4350-4659-85AC-EDFF67F7F2B8}.Release|x64.Build.0 = Release|Any CPU
		{EF91C79D-4350-4659-85AC-EDFF67F7F2B8}.Release|x86.ActiveCfg = Release|Any CPU
		{EF91C79D-4350-4659-85AC-EDFF67F7F2B8}.Release|x86.Build.0 = Release|Any CPU
		{B3EA4380-BCF3-4ECF-9D4F-9959326F299B}.Debug|Any CPU.ActiveCfg = Debug|Any CPU
		{B3EA4380-BCF3-4ECF-9D4F-9959326F299B}.Debug|Any CPU.Build.0 = Debug|Any CPU
		{B3EA4380-BCF3-4ECF-9D4F-9959326F299B}.Debug|x64.ActiveCfg = Debug|Any CPU
		{B3EA4380-BCF3-4ECF-9D4F-9959326F299B}.Debug|x64.Build.0 = Debug|Any CPU
		{B3EA4380-BCF3-4ECF-9D4F-9959326F299B}.Debug|x86.ActiveCfg = Debug|Any CPU
		{B3EA4380-BCF3-4ECF-9D4F-9959326F299B}.Debug|x86.Build.0 = Debug|Any CPU
		{B3EA4380-BCF3-4ECF-9D4F-9959326F299B}.Release|Any CPU.ActiveCfg = Release|Any CPU
		{B3EA4380-BCF3-4ECF-9D4F-9959326F299B}.Release|Any CPU.Build.0 = Release|Any CPU
		{B3EA4380-BCF3-4ECF-9D4F-9959326F299B}.Release|x64.ActiveCfg = Release|Any CPU
		{B3EA4380-BCF3-4ECF-9D4F-9959326F299B}.Release|x64.Build.0 = Release|Any CPU
		{B3EA4380-BCF3-4ECF-9D4F-9959326F299B}.Release|x86.ActiveCfg = Release|Any CPU
		{B3EA4380-BCF3-4ECF-9D4F-9959326F299B}.Release|x86.Build.0 = Release|Any CPU
	EndGlobalSection
EndGlobal
